// !$*UTF8*$!
{
	archiveVersion = 1;
	classes = {
	};
	objectVersion = 46;
	objects = {

/* Begin PBXBuildFile section */
		AE80B1731ED2C3D400715079 /* RawRepresentableExtension.swift in Sources */ = {isa = PBXBuildFile; fileRef = AE80B1721ED2C3D400715079 /* RawRepresentableExtension.swift */; };
		AEAC7BFB1EC7541000F791E6 /* AppDelegate.swift in Sources */ = {isa = PBXBuildFile; fileRef = AEAC7BFA1EC7541000F791E6 /* AppDelegate.swift */; };
		AEAC7BFF1EC7541000F791E6 /* Assets.xcassets in Resources */ = {isa = PBXBuildFile; fileRef = AEAC7BFE1EC7541000F791E6 /* Assets.xcassets */; };
		AEAC7C0A1EC7544A00F791E6 /* MainMenu.xib in Resources */ = {isa = PBXBuildFile; fileRef = AEAC7C091EC7544A00F791E6 /* MainMenu.xib */; };
		AEEAC4E31EDA9CF200786DCA /* main.swift in Sources */ = {isa = PBXBuildFile; fileRef = AEEAC4E21EDA9CF200786DCA /* main.swift */; };
		AEEAC4E91EDAA3C200786DCA /* UPSEvent.swift in Sources */ = {isa = PBXBuildFile; fileRef = AEEAC4E81EDAA3C200786DCA /* UPSEvent.swift */; };
		AEEAC4EA1EDAA3C200786DCA /* UPSEvent.swift in Sources */ = {isa = PBXBuildFile; fileRef = AEEAC4E81EDAA3C200786DCA /* UPSEvent.swift */; };
		AEFE68841EDAAFE000962A36 /* ArrayExtension.swift in Sources */ = {isa = PBXBuildFile; fileRef = AEFE68831EDAAFE000962A36 /* ArrayExtension.swift */; };
		AEFE68851EDAAFE000962A36 /* ArrayExtension.swift in Sources */ = {isa = PBXBuildFile; fileRef = AEFE68831EDAAFE000962A36 /* ArrayExtension.swift */; };
/* End PBXBuildFile section */

/* Begin PBXCopyFilesBuildPhase section */
		AEEAC4DE1EDA9CF200786DCA /* CopyFiles */ = {
			isa = PBXCopyFilesBuildPhase;
			buildActionMask = 2147483647;
			dstPath = /usr/share/man/man1/;
			dstSubfolderSpec = 0;
			files = (
			);
			runOnlyForDeploymentPostprocessing = 1;
		};
/* End PBXCopyFilesBuildPhase section */

/* Begin PBXFileReference section */
		AE80B1721ED2C3D400715079 /* RawRepresentableExtension.swift */ = {isa = PBXFileReference; fileEncoding = 4; lastKnownFileType = sourcecode.swift; name = RawRepresentableExtension.swift; path = Extensions/RawRepresentableExtension.swift; sourceTree = "<group>"; };
		AEAC7BF71EC7541000F791E6 /* NUTManager.app */ = {isa = PBXFileReference; explicitFileType = wrapper.application; includeInIndex = 0; path = NUTManager.app; sourceTree = BUILT_PRODUCTS_DIR; };
		AEAC7BFA1EC7541000F791E6 /* AppDelegate.swift */ = {isa = PBXFileReference; lastKnownFileType = sourcecode.swift; path = AppDelegate.swift; sourceTree = "<group>"; };
		AEAC7BFE1EC7541000F791E6 /* Assets.xcassets */ = {isa = PBXFileReference; lastKnownFileType = folder.assetcatalog; path = Assets.xcassets; sourceTree = "<group>"; };
		AEAC7C031EC7541000F791E6 /* Info.plist */ = {isa = PBXFileReference; lastKnownFileType = text.plist.xml; path = Info.plist; sourceTree = "<group>"; };
		AEAC7C091EC7544A00F791E6 /* MainMenu.xib */ = {isa = PBXFileReference; fileEncoding = 4; lastKnownFileType = file.xib; path = MainMenu.xib; sourceTree = "<group>"; };
		AEEAC4E01EDA9CF200786DCA /* NUTManagerNotifier */ = {isa = PBXFileReference; explicitFileType = "compiled.mach-o.executable"; includeInIndex = 0; path = NUTManagerNotifier; sourceTree = BUILT_PRODUCTS_DIR; };
		AEEAC4E21EDA9CF200786DCA /* main.swift */ = {isa = PBXFileReference; lastKnownFileType = sourcecode.swift; path = main.swift; sourceTree = "<group>"; };
		AEEAC4E81EDAA3C200786DCA /* UPSEvent.swift */ = {isa = PBXFileReference; fileEncoding = 4; lastKnownFileType = sourcecode.swift; name = UPSEvent.swift; path = Common/UPSEvent.swift; sourceTree = "<group>"; };
		AEFE68831EDAAFE000962A36 /* ArrayExtension.swift */ = {isa = PBXFileReference; fileEncoding = 4; lastKnownFileType = sourcecode.swift; name = ArrayExtension.swift; path = Common/ArrayExtension.swift; sourceTree = "<group>"; };
/* End PBXFileReference section */

/* Begin PBXFrameworksBuildPhase section */
		AEAC7BF41EC7541000F791E6 /* Frameworks */ = {
			isa = PBXFrameworksBuildPhase;
			buildActionMask = 2147483647;
			files = (
			);
			runOnlyForDeploymentPostprocessing = 0;
		};
		AEEAC4DD1EDA9CF200786DCA /* Frameworks */ = {
			isa = PBXFrameworksBuildPhase;
			buildActionMask = 2147483647;
			files = (
			);
			runOnlyForDeploymentPostprocessing = 0;
		};
/* End PBXFrameworksBuildPhase section */

/* Begin PBXGroup section */
		AE80B1711ED2C3BB00715079 /* Extensions */ = {
			isa = PBXGroup;
			children = (
				AE80B1721ED2C3D400715079 /* RawRepresentableExtension.swift */,
			);
			name = Extensions;
			sourceTree = "<group>";
		};
		AEAC7BEE1EC7541000F791E6 = {
			isa = PBXGroup;
			children = (
				AEEAC4E71EDAA3A400786DCA /* Common */,
				AEAC7BF91EC7541000F791E6 /* NUTManager */,
				AEEAC4E11EDA9CF200786DCA /* NUTManagerNotifier */,
				AEAC7BF81EC7541000F791E6 /* Products */,
			);
			sourceTree = "<group>";
		};
		AEAC7BF81EC7541000F791E6 /* Products */ = {
			isa = PBXGroup;
			children = (
				AEAC7BF71EC7541000F791E6 /* NUTManager.app */,
				AEEAC4E01EDA9CF200786DCA /* NUTManagerNotifier */,
			);
			name = Products;
			sourceTree = "<group>";
		};
		AEAC7BF91EC7541000F791E6 /* NUTManager */ = {
			isa = PBXGroup;
			children = (
				AE80B1711ED2C3BB00715079 /* Extensions */,
				AEAC7BFA1EC7541000F791E6 /* AppDelegate.swift */,
				AEAC7BFE1EC7541000F791E6 /* Assets.xcassets */,
				AEAC7C031EC7541000F791E6 /* Info.plist */,
				AEAC7C091EC7544A00F791E6 /* MainMenu.xib */,
			);
			path = NUTManager;
			sourceTree = "<group>";
		};
		AEEAC4E11EDA9CF200786DCA /* NUTManagerNotifier */ = {
			isa = PBXGroup;
			children = (
				AEEAC4E21EDA9CF200786DCA /* main.swift */,
			);
			path = NUTManagerNotifier;
			sourceTree = "<group>";
		};
		AEEAC4E71EDAA3A400786DCA /* Common */ = {
			isa = PBXGroup;
			children = (
				AEEAC4E81EDAA3C200786DCA /* UPSEvent.swift */,
				AEFE68831EDAAFE000962A36 /* ArrayExtension.swift */,
			);
			name = Common;
			sourceTree = "<group>";
		};
/* End PBXGroup section */

/* Begin PBXNativeTarget section */
		AEAC7BF61EC7541000F791E6 /* NUTManager */ = {
			isa = PBXNativeTarget;
			buildConfigurationList = AEAC7C061EC7541000F791E6 /* Build configuration list for PBXNativeTarget "NUTManager" */;
			buildPhases = (
				AEAC7BF31EC7541000F791E6 /* Sources */,
				AEAC7BF41EC7541000F791E6 /* Frameworks */,
				AEAC7BF51EC7541000F791E6 /* Resources */,
			);
			buildRules = (
			);
			dependencies = (
			);
			name = NUTManager;
			productName = NUTManager;
			productReference = AEAC7BF71EC7541000F791E6 /* NUTManager.app */;
			productType = "com.apple.product-type.application";
		};
		AEEAC4DF1EDA9CF200786DCA /* NUTManagerNotifier */ = {
			isa = PBXNativeTarget;
			buildConfigurationList = AEEAC4E41EDA9CF200786DCA /* Build configuration list for PBXNativeTarget "NUTManagerNotifier" */;
			buildPhases = (
				AEEAC4DC1EDA9CF200786DCA /* Sources */,
				AEEAC4DD1EDA9CF200786DCA /* Frameworks */,
				AEEAC4DE1EDA9CF200786DCA /* CopyFiles */,
			);
			buildRules = (
			);
			dependencies = (
			);
			name = NUTManagerNotifier;
			productName = NUTManagerNotifier;
			productReference = AEEAC4E01EDA9CF200786DCA /* NUTManagerNotifier */;
			productType = "com.apple.product-type.tool";
		};
/* End PBXNativeTarget section */

/* Begin PBXProject section */
		AEAC7BEF1EC7541000F791E6 /* Project object */ = {
			isa = PBXProject;
			attributes = {
				LastSwiftUpdateCheck = 0830;
				LastUpgradeCheck = 0830;
				ORGANIZATIONNAME = "Ricardo Chavarria";
				TargetAttributes = {
					AEAC7BF61EC7541000F791E6 = {
						CreatedOnToolsVersion = 8.3.2;
						DevelopmentTeam = S6BWLQXDC7;
						ProvisioningStyle = Automatic;
					};
					AEEAC4DF1EDA9CF200786DCA = {
						CreatedOnToolsVersion = 8.3.2;
						DevelopmentTeam = S6BWLQXDC7;
						ProvisioningStyle = Automatic;
					};
				};
			};
			buildConfigurationList = AEAC7BF21EC7541000F791E6 /* Build configuration list for PBXProject "NUTManager" */;
			compatibilityVersion = "Xcode 3.2";
			developmentRegion = English;
			hasScannedForEncodings = 0;
			knownRegions = (
				en,
				Base,
			);
			mainGroup = AEAC7BEE1EC7541000F791E6;
			productRefGroup = AEAC7BF81EC7541000F791E6 /* Products */;
			projectDirPath = "";
			projectRoot = "";
			targets = (
				AEAC7BF61EC7541000F791E6 /* NUTManager */,
				AEEAC4DF1EDA9CF200786DCA /* NUTManagerNotifier */,
			);
		};
/* End PBXProject section */

/* Begin PBXResourcesBuildPhase section */
		AEAC7BF51EC7541000F791E6 /* Resources */ = {
			isa = PBXResourcesBuildPhase;
			buildActionMask = 2147483647;
			files = (
				AEAC7BFF1EC7541000F791E6 /* Assets.xcassets in Resources */,
				AEAC7C0A1EC7544A00F791E6 /* MainMenu.xib in Resources */,
			);
			runOnlyForDeploymentPostprocessing = 0;
		};
/* End PBXResourcesBuildPhase section */

/* Begin PBXSourcesBuildPhase section */
		AEAC7BF31EC7541000F791E6 /* Sources */ = {
			isa = PBXSourcesBuildPhase;
			buildActionMask = 2147483647;
			files = (
				AEEAC4E91EDAA3C200786DCA /* UPSEvent.swift in Sources */,
				AEAC7BFB1EC7541000F791E6 /* AppDelegate.swift in Sources */,
				AE80B1731ED2C3D400715079 /* RawRepresentableExtension.swift in Sources */,
				AEFE68841EDAAFE000962A36 /* ArrayExtension.swift in Sources */,
			);
			runOnlyForDeploymentPostprocessing = 0;
		};
		AEEAC4DC1EDA9CF200786DCA /* Sources */ = {
			isa = PBXSourcesBuildPhase;
			buildActionMask = 2147483647;
			files = (
				AEFE68851EDAAFE000962A36 /* ArrayExtension.swift in Sources */,
				AEEAC4E31EDA9CF200786DCA /* main.swift in Sources */,
				AEEAC4EA1EDAA3C200786DCA /* UPSEvent.swift in Sources */,
			);
			runOnlyForDeploymentPostprocessing = 0;
		};
/* End PBXSourcesBuildPhase section */

/* Begin XCBuildConfiguration section */
		AEAC7C041EC7541000F791E6 /* Debug */ = {
			isa = XCBuildConfiguration;
			buildSettings = {
				ALWAYS_SEARCH_USER_PATHS = NO;
				CLANG_ANALYZER_NONNULL = YES;
				CLANG_ANALYZER_NUMBER_OBJECT_CONVERSION = YES_AGGRESSIVE;
				CLANG_CXX_LANGUAGE_STANDARD = "gnu++0x";
				CLANG_CXX_LIBRARY = "libc++";
				CLANG_ENABLE_MODULES = YES;
				CLANG_ENABLE_OBJC_ARC = YES;
				CLANG_WARN_BOOL_CONVERSION = YES;
				CLANG_WARN_CONSTANT_CONVERSION = YES;
				CLANG_WARN_DIRECT_OBJC_ISA_USAGE = YES_ERROR;
				CLANG_WARN_DOCUMENTATION_COMMENTS = YES;
				CLANG_WARN_EMPTY_BODY = YES;
				CLANG_WARN_ENUM_CONVERSION = YES;
				CLANG_WARN_INFINITE_RECURSION = YES;
				CLANG_WARN_INT_CONVERSION = YES;
				CLANG_WARN_OBJC_ROOT_CLASS = YES_ERROR;
				CLANG_WARN_SUSPICIOUS_MOVE = YES;
				CLANG_WARN_UNREACHABLE_CODE = YES;
				CLANG_WARN__DUPLICATE_METHOD_MATCH = YES;
				CODE_SIGN_IDENTITY = "-";
				COPY_PHASE_STRIP = NO;
				DEBUG_INFORMATION_FORMAT = dwarf;
				ENABLE_STRICT_OBJC_MSGSEND = YES;
				ENABLE_TESTABILITY = YES;
				GCC_C_LANGUAGE_STANDARD = gnu99;
				GCC_DYNAMIC_NO_PIC = NO;
				GCC_NO_COMMON_BLOCKS = YES;
				GCC_OPTIMIZATION_LEVEL = 0;
				GCC_PREPROCESSOR_DEFINITIONS = (
					"DEBUG=1",
					"$(inherited)",
				);
				GCC_WARN_64_TO_32_BIT_CONVERSION = YES;
				GCC_WARN_ABOUT_RETURN_TYPE = YES_ERROR;
				GCC_WARN_UNDECLARED_SELECTOR = YES;
				GCC_WARN_UNINITIALIZED_AUTOS = YES_AGGRESSIVE;
				GCC_WARN_UNUSED_FUNCTION = YES;
				GCC_WARN_UNUSED_VARIABLE = YES;
				MACOSX_DEPLOYMENT_TARGET = 10.12;
				MTL_ENABLE_DEBUG_INFO = YES;
				ONLY_ACTIVE_ARCH = YES;
				SDKROOT = macosx;
				SWIFT_ACTIVE_COMPILATION_CONDITIONS = DEBUG;
				SWIFT_OPTIMIZATION_LEVEL = "-Onone";
			};
			name = Debug;
		};
		AEAC7C051EC7541000F791E6 /* Release */ = {
			isa = XCBuildConfiguration;
			buildSettings = {
				ALWAYS_SEARCH_USER_PATHS = NO;
				CLANG_ANALYZER_NONNULL = YES;
				CLANG_ANALYZER_NUMBER_OBJECT_CONVERSION = YES_AGGRESSIVE;
				CLANG_CXX_LANGUAGE_STANDARD = "gnu++0x";
				CLANG_CXX_LIBRARY = "libc++";
				CLANG_ENABLE_MODULES = YES;
				CLANG_ENABLE_OBJC_ARC = YES;
				CLANG_WARN_BOOL_CONVERSION = YES;
				CLANG_WARN_CONSTANT_CONVERSION = YES;
				CLANG_WARN_DIRECT_OBJC_ISA_USAGE = YES_ERROR;
				CLANG_WARN_DOCUMENTATION_COMMENTS = YES;
				CLANG_WARN_EMPTY_BODY = YES;
				CLANG_WARN_ENUM_CONVERSION = YES;
				CLANG_WARN_INFINITE_RECURSION = YES;
				CLANG_WARN_INT_CONVERSION = YES;
				CLANG_WARN_OBJC_ROOT_CLASS = YES_ERROR;
				CLANG_WARN_SUSPICIOUS_MOVE = YES;
				CLANG_WARN_UNREACHABLE_CODE = YES;
				CLANG_WARN__DUPLICATE_METHOD_MATCH = YES;
				CODE_SIGN_IDENTITY = "-";
				COPY_PHASE_STRIP = NO;
				DEBUG_INFORMATION_FORMAT = "dwarf-with-dsym";
				ENABLE_NS_ASSERTIONS = NO;
				ENABLE_STRICT_OBJC_MSGSEND = YES;
				GCC_C_LANGUAGE_STANDARD = gnu99;
				GCC_NO_COMMON_BLOCKS = YES;
				GCC_WARN_64_TO_32_BIT_CONVERSION = YES;
				GCC_WARN_ABOUT_RETURN_TYPE = YES_ERROR;
				GCC_WARN_UNDECLARED_SELECTOR = YES;
				GCC_WARN_UNINITIALIZED_AUTOS = YES_AGGRESSIVE;
				GCC_WARN_UNUSED_FUNCTION = YES;
				GCC_WARN_UNUSED_VARIABLE = YES;
				MACOSX_DEPLOYMENT_TARGET = 10.12;
				MTL_ENABLE_DEBUG_INFO = NO;
				SDKROOT = macosx;
				SWIFT_OPTIMIZATION_LEVEL = "-Owholemodule";
			};
			name = Release;
		};
		AEAC7C071EC7541000F791E6 /* Debug */ = {
			isa = XCBuildConfiguration;
			buildSettings = {
				ASSETCATALOG_COMPILER_APPICON_NAME = AppIcon;
				COMBINE_HIDPI_IMAGES = YES;
				DEVELOPMENT_TEAM = S6BWLQXDC7;
				INFOPLIST_FILE = NUTManager/Info.plist;
				LD_RUNPATH_SEARCH_PATHS = "$(inherited) @executable_path/../Frameworks";
				PRODUCT_BUNDLE_IDENTIFIER = com.skumancer.NUTManager;
				PRODUCT_NAME = "$(TARGET_NAME)";
				SWIFT_VERSION = 3.0;
			};
			name = Debug;
		};
		AEAC7C081EC7541000F791E6 /* Release */ = {
			isa = XCBuildConfiguration;
			buildSettings = {
				ASSETCATALOG_COMPILER_APPICON_NAME = AppIcon;
				COMBINE_HIDPI_IMAGES = YES;
				DEVELOPMENT_TEAM = S6BWLQXDC7;
				INFOPLIST_FILE = NUTManager/Info.plist;
				LD_RUNPATH_SEARCH_PATHS = "$(inherited) @executable_path/../Frameworks";
				PRODUCT_BUNDLE_IDENTIFIER = com.skumancer.NUTManager;
				PRODUCT_NAME = "$(TARGET_NAME)";
				SWIFT_VERSION = 3.0;
			};
			name = Release;
		};
		AEEAC4E51EDA9CF200786DCA /* Debug */ = {
			isa = XCBuildConfiguration;
			buildSettings = {
				DEVELOPMENT_TEAM = S6BWLQXDC7;
				PRODUCT_NAME = "$(TARGET_NAME)";
				SWIFT_VERSION = 3.0;
			};
			name = Debug;
		};
		AEEAC4E61EDA9CF200786DCA /* Release */ = {
			isa = XCBuildConfiguration;
			buildSettings = {
				DEVELOPMENT_TEAM = S6BWLQXDC7;
				PRODUCT_NAME = "$(TARGET_NAME)";
				SWIFT_VERSION = 3.0;
			};
			name = Release;
		};
/* End XCBuildConfiguration section */

/* Begin XCConfigurationList section */
		AEAC7BF21EC7541000F791E6 /* Build configuration list for PBXProject "NUTManager" */ = {
			isa = XCConfigurationList;
			buildConfigurations = (
				AEAC7C041EC7541000F791E6 /* Debug */,
				AEAC7C051EC7541000F791E6 /* Release */,
			);
			defaultConfigurationIsVisible = 0;
			defaultConfigurationName = Release;
		};
		AEAC7C061EC7541000F791E6 /* Build configuration list for PBXNativeTarget "NUTManager" */ = {
			isa = XCConfigurationList;
			buildConfigurations = (
				AEAC7C071EC7541000F791E6 /* Debug */,
				AEAC7C081EC7541000F791E6 /* Release */,
			);
			defaultConfigurationIsVisible = 0;
			defaultConfigurationName = Release;
		};
		AEEAC4E41EDA9CF200786DCA /* Build configuration list for PBXNativeTarget "NUTManagerNotifier" */ = {
			isa = XCConfigurationList;
			buildConfigurations = (
				AEEAC4E51EDA9CF200786DCA /* Debug */,
				AEEAC4E61EDA9CF200786DCA /* Release */,
			);
			defaultConfigurationIsVisible = 0;
			defaultConfigurationName = Release;
		};
/* End XCConfigurationList section */
	};
	rootObject = AEAC7BEF1EC7541000F791E6 /* Project object */;
}
